// !$*UTF8*$!
{
	archiveVersion = 1;
	classes = {
	};
	objectVersion = 55;
	objects = {

/* Begin PBXBuildFile section */
		20DA993027A8083600071988 /* AppDelegate.swift in Sources */ = {isa = PBXBuildFile; fileRef = 20DA992F27A8083600071988 /* AppDelegate.swift */; };
		20DA993227A8083600071988 /* SceneDelegate.swift in Sources */ = {isa = PBXBuildFile; fileRef = 20DA993127A8083600071988 /* SceneDelegate.swift */; };
		20DA993427A8083600071988 /* ViewController.swift in Sources */ = {isa = PBXBuildFile; fileRef = 20DA993327A8083600071988 /* ViewController.swift */; };
		20DA993727A8083600071988 /* Main.storyboard in Resources */ = {isa = PBXBuildFile; fileRef = 20DA993527A8083600071988 /* Main.storyboard */; };
		20DA993927A8083D00071988 /* Assets.xcassets in Resources */ = {isa = PBXBuildFile; fileRef = 20DA993827A8083D00071988 /* Assets.xcassets */; };
		20DA993C27A8083D00071988 /* LaunchScreen.storyboard in Resources */ = {isa = PBXBuildFile; fileRef = 20DA993A27A8083D00071988 /* LaunchScreen.storyboard */; };
		20DA994727A8083E00071988 /* xkcd_BrowserTests.swift in Sources */ = {isa = PBXBuildFile; fileRef = 20DA994627A8083E00071988 /* xkcd_BrowserTests.swift */; };
		20DA996527A80DED00071988 /* APIRequest.swift in Sources */ = {isa = PBXBuildFile; fileRef = 20DA996427A80DED00071988 /* APIRequest.swift */; };
/* End PBXBuildFile section */

/* Begin PBXContainerItemProxy section */
		20DA994327A8083E00071988 /* PBXContainerItemProxy */ = {
			isa = PBXContainerItemProxy;
			containerPortal = 20DA992427A8083600071988 /* Project object */;
			proxyType = 1;
			remoteGlobalIDString = 20DA992B27A8083600071988;
			remoteInfo = "xkcd Browser";
		};
		20DA994D27A8083E00071988 /* PBXContainerItemProxy */ = {
			isa = PBXContainerItemProxy;
			containerPortal = 20DA992427A8083600071988 /* Project object */;
			proxyType = 1;
			remoteGlobalIDString = 20DA992B27A8083600071988;
			remoteInfo = "xkcd Browser";
		};
/* End PBXContainerItemProxy section */

/* Begin PBXFileReference section */
		20DA992C27A8083600071988 /* xkcd Browser.app */ = {isa = PBXFileReference; explicitFileType = wrapper.application; includeInIndex = 0; path = "xkcd Browser.app"; sourceTree = BUILT_PRODUCTS_DIR; };
		20DA992F27A8083600071988 /* AppDelegate.swift */ = {isa = PBXFileReference; lastKnownFileType = sourcecode.swift; path = AppDelegate.swift; sourceTree = "<group>"; };
		20DA993127A8083600071988 /* SceneDelegate.swift */ = {isa = PBXFileReference; lastKnownFileType = sourcecode.swift; path = SceneDelegate.swift; sourceTree = "<group>"; };
		20DA993327A8083600071988 /* ViewController.swift */ = {isa = PBXFileReference; lastKnownFileType = sourcecode.swift; path = ViewController.swift; sourceTree = "<group>"; };
		20DA993627A8083600071988 /* Base */ = {isa = PBXFileReference; lastKnownFileType = file.storyboard; name = Base; path = Base.lproj/Main.storyboard; sourceTree = "<group>"; };
		20DA993827A8083D00071988 /* Assets.xcassets */ = {isa = PBXFileReference; lastKnownFileType = folder.assetcatalog; path = Assets.xcassets; sourceTree = "<group>"; };
		20DA993B27A8083D00071988 /* Base */ = {isa = PBXFileReference; lastKnownFileType = file.storyboard; name = Base; path = Base.lproj/LaunchScreen.storyboard; sourceTree = "<group>"; };
		20DA993D27A8083D00071988 /* Info.plist */ = {isa = PBXFileReference; lastKnownFileType = text.plist.xml; path = Info.plist; sourceTree = "<group>"; };
		20DA994227A8083E00071988 /* xkcd BrowserTests.xctest */ = {isa = PBXFileReference; explicitFileType = wrapper.cfbundle; includeInIndex = 0; path = "xkcd BrowserTests.xctest"; sourceTree = BUILT_PRODUCTS_DIR; };
		20DA994627A8083E00071988 /* xkcd_BrowserTests.swift */ = {isa = PBXFileReference; lastKnownFileType = sourcecode.swift; path = xkcd_BrowserTests.swift; sourceTree = "<group>"; };
		20DA994C27A8083E00071988 /* xkcd BrowserUITests.xctest */ = {isa = PBXFileReference; explicitFileType = wrapper.cfbundle; includeInIndex = 0; path = "xkcd BrowserUITests.xctest"; sourceTree = BUILT_PRODUCTS_DIR; };
		20DA996427A80DED00071988 /* APIRequest.swift */ = {isa = PBXFileReference; lastKnownFileType = sourcecode.swift; path = APIRequest.swift; sourceTree = "<group>"; };
/* End PBXFileReference section */

/* Begin PBXFrameworksBuildPhase section */
		20DA992927A8083600071988 /* Frameworks */ = {
			isa = PBXFrameworksBuildPhase;
			buildActionMask = 2147483647;
			files = (
			);
			runOnlyForDeploymentPostprocessing = 0;
		};
		20DA993F27A8083E00071988 /* Frameworks */ = {
			isa = PBXFrameworksBuildPhase;
			buildActionMask = 2147483647;
			files = (
			);
			runOnlyForDeploymentPostprocessing = 0;
		};
		20DA994927A8083E00071988 /* Frameworks */ = {
			isa = PBXFrameworksBuildPhase;
			buildActionMask = 2147483647;
			files = (
			);
			runOnlyForDeploymentPostprocessing = 0;
		};
/* End PBXFrameworksBuildPhase section */

/* Begin PBXGroup section */
		20DA992327A8083600071988 = {
			isa = PBXGroup;
			children = (
				20DA992E27A8083600071988 /* xkcd Browser */,
				20DA994527A8083E00071988 /* xkcd BrowserTests */,
				20DA992D27A8083600071988 /* Products */,
			);
			sourceTree = "<group>";
		};
		20DA992D27A8083600071988 /* Products */ = {
			isa = PBXGroup;
			children = (
				20DA992C27A8083600071988 /* xkcd Browser.app */,
				20DA994227A8083E00071988 /* xkcd BrowserTests.xctest */,
				20DA994C27A8083E00071988 /* xkcd BrowserUITests.xctest */,
			);
			name = Products;
			sourceTree = "<group>";
		};
		20DA992E27A8083600071988 /* xkcd Browser */ = {
			isa = PBXGroup;
			children = (
				20DA992F27A8083600071988 /* AppDelegate.swift */,
				20DA993127A8083600071988 /* SceneDelegate.swift */,
				20DA996227A80DC500071988 /* Networking */,
				20DA996127A8098F00071988 /* Controller */,
				20DA996027A8098700071988 /* View */,
				20DA995F27A8098100071988 /* Model */,
				20DA993827A8083D00071988 /* Assets.xcassets */,
				20DA993D27A8083D00071988 /* Info.plist */,
			);
			path = "xkcd Browser";
			sourceTree = "<group>";
		};
		20DA994527A8083E00071988 /* xkcd BrowserTests */ = {
			isa = PBXGroup;
			children = (
				20DA994627A8083E00071988 /* xkcd_BrowserTests.swift */,
			);
			path = "xkcd BrowserTests";
			sourceTree = "<group>";
		};
		20DA995F27A8098100071988 /* Model */ = {
			isa = PBXGroup;
			children = (
			);
			path = Model;
			sourceTree = "<group>";
		};
		20DA996027A8098700071988 /* View */ = {
			isa = PBXGroup;
			children = (
				20DA993527A8083600071988 /* Main.storyboard */,
				20DA993A27A8083D00071988 /* LaunchScreen.storyboard */,
			);
			path = View;
			sourceTree = "<group>";
		};
		20DA996127A8098F00071988 /* Controller */ = {
			isa = PBXGroup;
			children = (
				20DA993327A8083600071988 /* ViewController.swift */,
			);
			path = Controller;
			sourceTree = "<group>";
		};
		20DA996227A80DC500071988 /* Networking */ = {
			isa = PBXGroup;
			children = (
				20DA996427A80DED00071988 /* APIRequest.swift */,
			);
			path = Networking;
			sourceTree = "<group>";
		};
/* End PBXGroup section */

/* Begin PBXNativeTarget section */
		20DA992B27A8083600071988 /* xkcd Browser */ = {
			isa = PBXNativeTarget;
			buildConfigurationList = 20DA995627A8083E00071988 /* Build configuration list for PBXNativeTarget "xkcd Browser" */;
			buildPhases = (
				20DA992827A8083600071988 /* Sources */,
				20DA992927A8083600071988 /* Frameworks */,
				20DA992A27A8083600071988 /* Resources */,
			);
			buildRules = (
			);
			dependencies = (
			);
			name = "xkcd Browser";
			productName = "xkcd Browser";
			productReference = 20DA992C27A8083600071988 /* xkcd Browser.app */;
			productType = "com.apple.product-type.application";
		};
		20DA994127A8083E00071988 /* xkcd BrowserTests */ = {
			isa = PBXNativeTarget;
			buildConfigurationList = 20DA995927A8083E00071988 /* Build configuration list for PBXNativeTarget "xkcd BrowserTests" */;
			buildPhases = (
				20DA993E27A8083E00071988 /* Sources */,
				20DA993F27A8083E00071988 /* Frameworks */,
				20DA994027A8083E00071988 /* Resources */,
			);
			buildRules = (
			);
			dependencies = (
				20DA994427A8083E00071988 /* PBXTargetDependency */,
			);
			name = "xkcd BrowserTests";
			productName = "xkcd BrowserTests";
			productReference = 20DA994227A8083E00071988 /* xkcd BrowserTests.xctest */;
			productType = "com.apple.product-type.bundle.unit-test";
		};
		20DA994B27A8083E00071988 /* xkcd BrowserUITests */ = {
			isa = PBXNativeTarget;
			buildConfigurationList = 20DA995C27A8083E00071988 /* Build configuration list for PBXNativeTarget "xkcd BrowserUITests" */;
			buildPhases = (
				20DA994827A8083E00071988 /* Sources */,
				20DA994927A8083E00071988 /* Frameworks */,
				20DA994A27A8083E00071988 /* Resources */,
			);
			buildRules = (
			);
			dependencies = (
				20DA994E27A8083E00071988 /* PBXTargetDependency */,
			);
			name = "xkcd BrowserUITests";
			productName = "xkcd BrowserUITests";
			productReference = 20DA994C27A8083E00071988 /* xkcd BrowserUITests.xctest */;
			productType = "com.apple.product-type.bundle.ui-testing";
		};
/* End PBXNativeTarget section */

/* Begin PBXProject section */
		20DA992427A8083600071988 /* Project object */ = {
			isa = PBXProject;
			attributes = {
				BuildIndependentTargetsInParallel = 1;
				LastSwiftUpdateCheck = 1320;
				LastUpgradeCheck = 1320;
				TargetAttributes = {
					20DA992B27A8083600071988 = {
						CreatedOnToolsVersion = 13.2.1;
					};
					20DA994127A8083E00071988 = {
						CreatedOnToolsVersion = 13.2.1;
						TestTargetID = 20DA992B27A8083600071988;
					};
					20DA994B27A8083E00071988 = {
						CreatedOnToolsVersion = 13.2.1;
						TestTargetID = 20DA992B27A8083600071988;
					};
				};
			};
			buildConfigurationList = 20DA992727A8083600071988 /* Build configuration list for PBXProject "xkcd Browser" */;
			compatibilityVersion = "Xcode 13.0";
			developmentRegion = en;
			hasScannedForEncodings = 0;
			knownRegions = (
				en,
				Base,
			);
			mainGroup = 20DA992327A8083600071988;
			productRefGroup = 20DA992D27A8083600071988 /* Products */;
			projectDirPath = "";
			projectRoot = "";
			targets = (
				20DA992B27A8083600071988 /* xkcd Browser */,
				20DA994127A8083E00071988 /* xkcd BrowserTests */,
				20DA994B27A8083E00071988 /* xkcd BrowserUITests */,
			);
		};
/* End PBXProject section */

/* Begin PBXResourcesBuildPhase section */
		20DA992A27A8083600071988 /* Resources */ = {
			isa = PBXResourcesBuildPhase;
			buildActionMask = 2147483647;
			files = (
				20DA993C27A8083D00071988 /* LaunchScreen.storyboard in Resources */,
				20DA993927A8083D00071988 /* Assets.xcassets in Resources */,
				20DA993727A8083600071988 /* Main.storyboard in Resources */,
			);
			runOnlyForDeploymentPostprocessing = 0;
		};
		20DA994027A8083E00071988 /* Resources */ = {
			isa = PBXResourcesBuildPhase;
			buildActionMask = 2147483647;
			files = (
			);
			runOnlyForDeploymentPostprocessing = 0;
		};
		20DA994A27A8083E00071988 /* Resources */ = {
			isa = PBXResourcesBuildPhase;
			buildActionMask = 2147483647;
			files = (
			);
			runOnlyForDeploymentPostprocessing = 0;
		};
/* End PBXResourcesBuildPhase section */

/* Begin PBXSourcesBuildPhase section */
		20DA992827A8083600071988 /* Sources */ = {
			isa = PBXSourcesBuildPhase;
			buildActionMask = 2147483647;
			files = (
				20DA993427A8083600071988 /* ViewController.swift in Sources */,
				20DA993027A8083600071988 /* AppDelegate.swift in Sources */,
				20DA996527A80DED00071988 /* APIRequest.swift in Sources */,
				20DA993227A8083600071988 /* SceneDelegate.swift in Sources */,
			);
			runOnlyForDeploymentPostprocessing = 0;
		};
		20DA993E27A8083E00071988 /* Sources */ = {
			isa = PBXSourcesBuildPhase;
			buildActionMask = 2147483647;
			files = (
				20DA994727A8083E00071988 /* xkcd_BrowserTests.swift in Sources */,
			);
			runOnlyForDeploymentPostprocessing = 0;
		};
		20DA994827A8083E00071988 /* Sources */ = {
			isa = PBXSourcesBuildPhase;
			buildActionMask = 2147483647;
			files = (
			);
			runOnlyForDeploymentPostprocessing = 0;
		};
/* End PBXSourcesBuildPhase section */

/* Begin PBXTargetDependency section */
		20DA994427A8083E00071988 /* PBXTargetDependency */ = {
			isa = PBXTargetDependency;
			target = 20DA992B27A8083600071988 /* xkcd Browser */;
			targetProxy = 20DA994327A8083E00071988 /* PBXContainerItemProxy */;
		};
		20DA994E27A8083E00071988 /* PBXTargetDependency */ = {
			isa = PBXTargetDependency;
			target = 20DA992B27A8083600071988 /* xkcd Browser */;
			targetProxy = 20DA994D27A8083E00071988 /* PBXContainerItemProxy */;
		};
/* End PBXTargetDependency section */

/* Begin PBXVariantGroup section */
		20DA993527A8083600071988 /* Main.storyboard */ = {
			isa = PBXVariantGroup;
			children = (
				20DA993627A8083600071988 /* Base */,
			);
			name = Main.storyboard;
			sourceTree = "<group>";
		};
		20DA993A27A8083D00071988 /* LaunchScreen.storyboard */ = {
			isa = PBXVariantGroup;
			children = (
				20DA993B27A8083D00071988 /* Base */,
			);
			name = LaunchScreen.storyboard;
			sourceTree = "<group>";
		};
/* End PBXVariantGroup section */

/* Begin XCBuildConfiguration section */
		20DA995427A8083E00071988 /* Debug */ = {
			isa = XCBuildConfiguration;
			buildSettings = {
				ALWAYS_SEARCH_USER_PATHS = NO;
				CLANG_ANALYZER_NONNULL = YES;
				CLANG_ANALYZER_NUMBER_OBJECT_CONVERSION = YES_AGGRESSIVE;
				CLANG_CXX_LANGUAGE_STANDARD = "gnu++17";
				CLANG_CXX_LIBRARY = "libc++";
				CLANG_ENABLE_MODULES = YES;
				CLANG_ENABLE_OBJC_ARC = YES;
				CLANG_ENABLE_OBJC_WEAK = YES;
				CLANG_WARN_BLOCK_CAPTURE_AUTORELEASING = YES;
				CLANG_WARN_BOOL_CONVERSION = YES;
				CLANG_WARN_COMMA = YES;
				CLANG_WARN_CONSTANT_CONVERSION = YES;
				CLANG_WARN_DEPRECATED_OBJC_IMPLEMENTATIONS = YES;
				CLANG_WARN_DIRECT_OBJC_ISA_USAGE = YES_ERROR;
				CLANG_WARN_DOCUMENTATION_COMMENTS = YES;
				CLANG_WARN_EMPTY_BODY = YES;
				CLANG_WARN_ENUM_CONVERSION = YES;
				CLANG_WARN_INFINITE_RECURSION = YES;
				CLANG_WARN_INT_CONVERSION = YES;
				CLANG_WARN_NON_LITERAL_NULL_CONVERSION = YES;
				CLANG_WARN_OBJC_IMPLICIT_RETAIN_SELF = YES;
				CLANG_WARN_OBJC_LITERAL_CONVERSION = YES;
				CLANG_WARN_OBJC_ROOT_CLASS = YES_ERROR;
				CLANG_WARN_QUOTED_INCLUDE_IN_FRAMEWORK_HEADER = YES;
				CLANG_WARN_RANGE_LOOP_ANALYSIS = YES;
				CLANG_WARN_STRICT_PROTOTYPES = YES;
				CLANG_WARN_SUSPICIOUS_MOVE = YES;
				CLANG_WARN_UNGUARDED_AVAILABILITY = YES_AGGRESSIVE;
				CLANG_WARN_UNREACHABLE_CODE = YES;
				CLANG_WARN__DUPLICATE_METHOD_MATCH = YES;
				COPY_PHASE_STRIP = NO;
				DEBUG_INFORMATION_FORMAT = dwarf;
				ENABLE_STRICT_OBJC_MSGSEND = YES;
				ENABLE_TESTABILITY = YES;
				GCC_C_LANGUAGE_STANDARD = gnu11;
				GCC_DYNAMIC_NO_PIC = NO;
				GCC_NO_COMMON_BLOCKS = YES;
				GCC_OPTIMIZATION_LEVEL = 0;
				GCC_PREPROCESSOR_DEFINITIONS = (
					"DEBUG=1",
					"$(inherited)",
				);
				GCC_WARN_64_TO_32_BIT_CONVERSION = YES;
				GCC_WARN_ABOUT_RETURN_TYPE = YES_ERROR;
				GCC_WARN_UNDECLARED_SELECTOR = YES;
				GCC_WARN_UNINITIALIZED_AUTOS = YES_AGGRESSIVE;
				GCC_WARN_UNUSED_FUNCTION = YES;
				GCC_WARN_UNUSED_VARIABLE = YES;
				IPHONEOS_DEPLOYMENT_TARGET = 15.2;
				MTL_ENABLE_DEBUG_INFO = INCLUDE_SOURCE;
				MTL_FAST_MATH = YES;
				ONLY_ACTIVE_ARCH = YES;
				SDKROOT = iphoneos;
				SWIFT_ACTIVE_COMPILATION_CONDITIONS = DEBUG;
				SWIFT_OPTIMIZATION_LEVEL = "-Onone";
			};
			name = Debug;
		};
		20DA995527A8083E00071988 /* Release */ = {
			isa = XCBuildConfiguration;
			buildSettings = {
				ALWAYS_SEARCH_USER_PATHS = NO;
				CLANG_ANALYZER_NONNULL = YES;
				CLANG_ANALYZER_NUMBER_OBJECT_CONVERSION = YES_AGGRESSIVE;
				CLANG_CXX_LANGUAGE_STANDARD = "gnu++17";
				CLANG_CXX_LIBRARY = "libc++";
				CLANG_ENABLE_MODULES = YES;
				CLANG_ENABLE_OBJC_ARC = YES;
				CLANG_ENABLE_OBJC_WEAK = YES;
				CLANG_WARN_BLOCK_CAPTURE_AUTORELEASING = YES;
				CLANG_WARN_BOOL_CONVERSION = YES;
				CLANG_WARN_COMMA = YES;
				CLANG_WARN_CONSTANT_CONVERSION = YES;
				CLANG_WARN_DEPRECATED_OBJC_IMPLEMENTATIONS = YES;
				CLANG_WARN_DIRECT_OBJC_ISA_USAGE = YES_ERROR;
				CLANG_WARN_DOCUMENTATION_COMMENTS = YES;
				CLANG_WARN_EMPTY_BODY = YES;
				CLANG_WARN_ENUM_CONVERSION = YES;
				CLANG_WARN_INFINITE_RECURSION = YES;
				CLANG_WARN_INT_CONVERSION = YES;
				CLANG_WARN_NON_LITERAL_NULL_CONVERSION = YES;
				CLANG_WARN_OBJC_IMPLICIT_RETAIN_SELF = YES;
				CLANG_WARN_OBJC_LITERAL_CONVERSION = YES;
				CLANG_WARN_OBJC_ROOT_CLASS = YES_ERROR;
				CLANG_WARN_QUOTED_INCLUDE_IN_FRAMEWORK_HEADER = YES;
				CLANG_WARN_RANGE_LOOP_ANALYSIS = YES;
				CLANG_WARN_STRICT_PROTOTYPES = YES;
				CLANG_WARN_SUSPICIOUS_MOVE = YES;
				CLANG_WARN_UNGUARDED_AVAILABILITY = YES_AGGRESSIVE;
				CLANG_WARN_UNREACHABLE_CODE = YES;
				CLANG_WARN__DUPLICATE_METHOD_MATCH = YES;
				COPY_PHASE_STRIP = NO;
				DEBUG_INFORMATION_FORMAT = "dwarf-with-dsym";
				ENABLE_NS_ASSERTIONS = NO;
				ENABLE_STRICT_OBJC_MSGSEND = YES;
				GCC_C_LANGUAGE_STANDARD = gnu11;
				GCC_NO_COMMON_BLOCKS = YES;
				GCC_WARN_64_TO_32_BIT_CONVERSION = YES;
				GCC_WARN_ABOUT_RETURN_TYPE = YES_ERROR;
				GCC_WARN_UNDECLARED_SELECTOR = YES;
				GCC_WARN_UNINITIALIZED_AUTOS = YES_AGGRESSIVE;
				GCC_WARN_UNUSED_FUNCTION = YES;
				GCC_WARN_UNUSED_VARIABLE = YES;
				IPHONEOS_DEPLOYMENT_TARGET = 15.2;
				MTL_ENABLE_DEBUG_INFO = NO;
				MTL_FAST_MATH = YES;
				SDKROOT = iphoneos;
				SWIFT_COMPILATION_MODE = wholemodule;
				SWIFT_OPTIMIZATION_LEVEL = "-O";
				VALIDATE_PRODUCT = YES;
			};
			name = Release;
		};
		20DA995727A8083E00071988 /* Debug */ = {
			isa = XCBuildConfiguration;
			buildSettings = {
				ASSETCATALOG_COMPILER_APPICON_NAME = AppIcon;
				ASSETCATALOG_COMPILER_GLOBAL_ACCENT_COLOR_NAME = AccentColor;
				CODE_SIGN_STYLE = Automatic;
				CURRENT_PROJECT_VERSION = 1;
				DEVELOPMENT_TEAM = 27BN3TK2LU;
				GENERATE_INFOPLIST_FILE = YES;
				INFOPLIST_FILE = "xkcd Browser/Info.plist";
				INFOPLIST_KEY_UIApplicationSupportsIndirectInputEvents = YES;
				INFOPLIST_KEY_UILaunchStoryboardName = LaunchScreen;
				INFOPLIST_KEY_UIMainStoryboardFile = Main;
				INFOPLIST_KEY_UISupportedInterfaceOrientations_iPad = "UIInterfaceOrientationPortrait UIInterfaceOrientationPortraitUpsideDown UIInterfaceOrientationLandscapeLeft UIInterfaceOrientationLandscapeRight";
				INFOPLIST_KEY_UISupportedInterfaceOrientations_iPhone = "UIInterfaceOrientationPortrait UIInterfaceOrientationLandscapeLeft UIInterfaceOrientationLandscapeRight";
				LD_RUNPATH_SEARCH_PATHS = (
					"$(inherited)",
					"@executable_path/Frameworks",
				);
				MARKETING_VERSION = 1.0;
				PRODUCT_BUNDLE_IDENTIFIER = "EricDavis.xkcd-Browser";
				PRODUCT_NAME = "$(TARGET_NAME)";
				SWIFT_EMIT_LOC_STRINGS = YES;
				SWIFT_VERSION = 5.0;
				TARGETED_DEVICE_FAMILY = "1,2";
			};
			name = Debug;
		};
		20DA995827A8083E00071988 /* Release */ = {
			isa = XCBuildConfiguration;
			buildSettings = {
				ASSETCATALOG_COMPILER_APPICON_NAME = AppIcon;
				ASSETCATALOG_COMPILER_GLOBAL_ACCENT_COLOR_NAME = AccentColor;
				CODE_SIGN_STYLE = Automatic;
				CURRENT_PROJECT_VERSION = 1;
				DEVELOPMENT_TEAM = 27BN3TK2LU;
				GENERATE_INFOPLIST_FILE = YES;
				INFOPLIST_FILE = "xkcd Browser/Info.plist";
				INFOPLIST_KEY_UIApplicationSupportsIndirectInputEvents = YES;
				INFOPLIST_KEY_UILaunchStoryboardName = LaunchScreen;
				INFOPLIST_KEY_UIMainStoryboardFile = Main;
				INFOPLIST_KEY_UISupportedInterfaceOrientations_iPad = "UIInterfaceOrientationPortrait UIInterfaceOrientationPortraitUpsideDown UIInterfaceOrientationLandscapeLeft UIInterfaceOrientationLandscapeRight";
				INFOPLIST_KEY_UISupportedInterfaceOrientations_iPhone = "UIInterfaceOrientationPortrait UIInterfaceOrientationLandscapeLeft UIInterfaceOrientationLandscapeRight";
				LD_RUNPATH_SEARCH_PATHS = (
					"$(inherited)",
					"@executable_path/Frameworks",
				);
				MARKETING_VERSION = 1.0;
				PRODUCT_BUNDLE_IDENTIFIER = "EricDavis.xkcd-Browser";
				PRODUCT_NAME = "$(TARGET_NAME)";
				SWIFT_EMIT_LOC_STRINGS = YES;
				SWIFT_VERSION = 5.0;
				TARGETED_DEVICE_FAMILY = "1,2";
			};
			name = Release;
		};
		20DA995A27A8083E00071988 /* Debug */ = {
			isa = XCBuildConfiguration;
			buildSettings = {
				ALWAYS_EMBED_SWIFT_STANDARD_LIBRARIES = YES;
				BUNDLE_LOADER = "$(TEST_HOST)";
				CODE_SIGN_STYLE = Automatic;
				CURRENT_PROJECT_VERSION = 1;
				DEVELOPMENT_TEAM = 27BN3TK2LU;
				GENERATE_INFOPLIST_FILE = YES;
				IPHONEOS_DEPLOYMENT_TARGET = 15.2;
				MARKETING_VERSION = 1.0;
				PRODUCT_BUNDLE_IDENTIFIER = "EricDavis.xkcd-BrowserTests";
				PRODUCT_NAME = "$(TARGET_NAME)";
				SWIFT_EMIT_LOC_STRINGS = NO;
				SWIFT_VERSION = 5.0;
				TARGETED_DEVICE_FAMILY = "1,2";
				TEST_HOST = "$(BUILT_PRODUCTS_DIR)/xkcd Browser.app/xkcd Browser";
			};
			name = Debug;
		};
		20DA995B27A8083E00071988 /* Release */ = {
			isa = XCBuildConfiguration;
			buildSettings = {
				ALWAYS_EMBED_SWIFT_STANDARD_LIBRARIES = YES;
				BUNDLE_LOADER = "$(TEST_HOST)";
				CODE_SIGN_STYLE = Automatic;
				CURRENT_PROJECT_VERSION = 1;
				DEVELOPMENT_TEAM = 27BN3TK2LU;
				GENERATE_INFOPLIST_FILE = YES;
				IPHONEOS_DEPLOYMENT_TARGET = 15.2;
				MARKETING_VERSION = 1.0;
				PRODUCT_BUNDLE_IDENTIFIER = "EricDavis.xkcd-BrowserTests";
				PRODUCT_NAME = "$(TARGET_NAME)";
				SWIFT_EMIT_LOC_STRINGS = NO;
				SWIFT_VERSION = 5.0;
				TARGETED_DEVICE_FAMILY = "1,2";
				TEST_HOST = "$(BUILT_PRODUCTS_DIR)/xkcd Browser.app/xkcd Browser";
			};
			name = Release;
		};
		20DA995D27A8083E00071988 /* Debug */ = {
			isa = XCBuildConfiguration;
			buildSettings = {
				ALWAYS_EMBED_SWIFT_STANDARD_LIBRARIES = YES;
				CODE_SIGN_STYLE = Automatic;
				CURRENT_PROJECT_VERSION = 1;
				DEVELOPMENT_TEAM = 27BN3TK2LU;
				GENERATE_INFOPLIST_FILE = YES;
				MARKETING_VERSION = 1.0;
				PRODUCT_BUNDLE_IDENTIFIER = "EricDavis.xkcd-BrowserUITests";
				PRODUCT_NAME = "$(TARGET_NAME)";
				SWIFT_EMIT_LOC_STRINGS = NO;
				SWIFT_VERSION = 5.0;
				TARGETED_DEVICE_FAMILY = "1,2";
				TEST_TARGET_NAME = "xkcd Browser";
			};
			name = Debug;
		};
		20DA995E27A8083E00071988 /* Release */ = {
			isa = XCBuildConfiguration;
			buildSettings = {
				ALWAYS_EMBED_SWIFT_STANDARD_LIBRARIES = YES;
				CODE_SIGN_STYLE = Automatic;
				CURRENT_PROJECT_VERSION = 1;
				DEVELOPMENT_TEAM = 27BN3TK2LU;
				GENERATE_INFOPLIST_FILE = YES;
				MARKETING_VERSION = 1.0;
				PRODUCT_BUNDLE_IDENTIFIER = "EricDavis.xkcd-BrowserUITests";
				PRODUCT_NAME = "$(TARGET_NAME)";
				SWIFT_EMIT_LOC_STRINGS = NO;
				SWIFT_VERSION = 5.0;
				TARGETED_DEVICE_FAMILY = "1,2";
				TEST_TARGET_NAME = "xkcd Browser";
			};
			name = Release;
		};
/* End XCBuildConfiguration section */

/* Begin XCConfigurationList section */
		20DA992727A8083600071988 /* Build configuration list for PBXProject "xkcd Browser" */ = {
			isa = XCConfigurationList;
			buildConfigurations = (
				20DA995427A8083E00071988 /* Debug */,
				20DA995527A8083E00071988 /* Release */,
			);
			defaultConfigurationIsVisible = 0;
			defaultConfigurationName = Release;
		};
		20DA995627A8083E00071988 /* Build configuration list for PBXNativeTarget "xkcd Browser" */ = {
			isa = XCConfigurationList;
			buildConfigurations = (
				20DA995727A8083E00071988 /* Debug */,
				20DA995827A8083E00071988 /* Release */,
			);
			defaultConfigurationIsVisible = 0;
			defaultConfigurationName = Release;
		};
		20DA995927A8083E00071988 /* Build configuration list for PBXNativeTarget "xkcd BrowserTests" */ = {
			isa = XCConfigurationList;
			buildConfigurations = (
				20DA995A27A8083E00071988 /* Debug */,
				20DA995B27A8083E00071988 /* Release */,
			);
			defaultConfigurationIsVisible = 0;
			defaultConfigurationName = Release;
		};
		20DA995C27A8083E00071988 /* Build configuration list for PBXNativeTarget "xkcd BrowserUITests" */ = {
			isa = XCConfigurationList;
			buildConfigurations = (
				20DA995D27A8083E00071988 /* Debug */,
				20DA995E27A8083E00071988 /* Release */,
			);
			defaultConfigurationIsVisible = 0;
			defaultConfigurationName = Release;
		};
/* End XCConfigurationList section */
	};
	rootObject = 20DA992427A8083600071988 /* Project object */;
}
